# This file is automatically @generated by Cargo.
# It is not intended for manual editing.
version = 3

[[package]]
name = "indent-string"
version = "0.1.0"
source = "registry+https://github.com/rust-lang/crates.io-index"
checksum = "a1a9f39fd4178396d16ec91ef1da75eaf7fa673c28dac7254fbeb6ebd8b4bb66"

[[package]]
name = "redent"
version = "0.1.0"
dependencies = [
 "indent-string",
 "strip-indent",
]

[[package]]
name = "strip-indent"
version = "0.1.0"
source = "registry+https://github.com/rust-lang/crates.io-index"
checksum = "04b48ac3f8a1be17117c838b98ad44116c43d16f6bc9cfa6ab3abe8e74a9b6fb"
